
Microsoft Visual Studio Solution File, Format Version 12.00
# Visual Studio Version 17
VisualStudioVersion = 17.12.35707.178
MinimumVisualStudioVersion = 10.0.40219.1
Project("{2150E333-8FDC-42A3-9474-1A3956D46DE8}") = "Solution Items", "Solution Items", "{8EC462FD-D22E-90A8-E5CE-7E832BA40C5D}"
EndProject
Project("{FAE04EC0-301F-11D3-BF4B-00C04F79EFBC}") = "GnuConvert", "src\GnuConvert\GnuConvert.csproj", "{EA314E64-A3D9-42C1-F5CD-460F38F06299}"
EndProject
Project("{FAE04EC0-301F-11D3-BF4B-00C04F79EFBC}") = "GnuConvert.Tests", "GnuConvert.Tests\GnuConvert.Tests.csproj", "{C00A2FA2-A73D-D71F-3EA9-51444E9C0EB7}"
EndProject
Global
	GlobalSection(SolutionConfigurationPlatforms) = preSolution
		Debug|Any CPU = Debug|Any CPU
		Debug|ARM = Debug|ARM
		Debug|ARM64 = Debug|ARM64
		Debug|x64 = Debug|x64
		Debug|x86 = Debug|x86
		Release|Any CPU = Release|Any CPU
		Release|ARM = Release|ARM
		Release|ARM64 = Release|ARM64
		Release|x64 = Release|x64
		Release|x86 = Release|x86
	EndGlobalSection
	GlobalSection(ProjectConfigurationPlatforms) = postSolution
		{EA314E64-A3D9-42C1-F5CD-460F38F06299}.Debug|Any CPU.ActiveCfg = Debug|Any CPU
		{EA314E64-A3D9-42C1-F5CD-460F38F06299}.Debug|Any CPU.Build.0 = Debug|Any CPU
		{EA314E64-A3D9-42C1-F5CD-460F38F06299}.Debug|ARM.ActiveCfg = Debug|Any CPU
		{EA314E64-A3D9-42C1-F5CD-460F38F06299}.Debug|ARM.Build.0 = Debug|Any CPU
		{EA314E64-A3D9-42C1-F5CD-460F38F06299}.Debug|ARM64.ActiveCfg = Debug|Any CPU
		{EA314E64-A3D9-42C1-F5CD-460F38F06299}.Debug|ARM64.Build.0 = Debug|Any CPU
		{EA314E64-A3D9-42C1-F5CD-460F38F06299}.Debug|x64.ActiveCfg = Debug|Any CPU
		{EA314E64-A3D9-42C1-F5CD-460F38F06299}.Debug|x64.Build.0 = Debug|Any CPU
		{EA314E64-A3D9-42C1-F5CD-460F38F06299}.Debug|x86.ActiveCfg = Debug|Any CPU
		{EA314E64-A3D9-42C1-F5CD-460F38F06299}.Debug|x86.Build.0 = Debug|Any CPU
		{EA314E64-A3D9-42C1-F5CD-460F38F06299}.Release|Any CPU.ActiveCfg = Release|Any CPU
		{EA314E64-A3D9-42C1-F5CD-460F38F06299}.Release|Any CPU.Build.0 = Release|Any CPU
		{EA314E64-A3D9-42C1-F5CD-460F38F06299}.Release|ARM.ActiveCfg = Release|Any CPU
		{EA314E64-A3D9-42C1-F5CD-460F38F06299}.Release|ARM.Build.0 = Release|Any CPU
		{EA314E64-A3D9-42C1-F5CD-460F38F06299}.Release|ARM64.ActiveCfg = Release|Any CPU
		{EA314E64-A3D9-42C1-F5CD-460F38F06299}.Release|ARM64.Build.0 = Release|Any CPU
		{EA314E64-A3D9-42C1-F5CD-460F38F06299}.Release|x64.ActiveCfg = Release|Any CPU
		{EA314E64-A3D9-42C1-F5CD-460F38F06299}.Release|x64.Build.0 = Release|Any CPU
		{EA314E64-A3D9-42C1-F5CD-460F38F06299}.Release|x86.ActiveCfg = Release|Any CPU
		{EA314E64-A3D9-42C1-F5CD-460F38F06299}.Release|x86.Build.0 = Release|Any CPU
		{C00A2FA2-A73D-D71F-3EA9-51444E9C0EB7}.Debug|Any CPU.ActiveCfg = Debug|Any CPU
		{C00A2FA2-A73D-D71F-3EA9-51444E9C0EB7}.Debug|Any CPU.Build.0 = Debug|Any CPU
		{C00A2FA2-A73D-D71F-3EA9-51444E9C0EB7}.Debug|ARM.ActiveCfg = Debug|Any CPU
		{C00A2FA2-A73D-D71F-3EA9-51444E9C0EB7}.Debug|ARM.Build.0 = Debug|Any CPU
		{C00A2FA2-A73D-D71F-3EA9-51444E9C0EB7}.Debug|ARM64.ActiveCfg = Debug|Any CPU
		{C00A2FA2-A73D-D71F-3EA9-51444E9C0EB7}.Debug|ARM64.Build.0 = Debug|Any CPU
		{C00A2FA2-A73D-D71F-3EA9-51444E9C0EB7}.Debug|x64.ActiveCfg = Debug|Any CPU
		{C00A2FA2-A73D-D71F-3EA9-51444E9C0EB7}.Debug|x64.Build.0 = Debug|Any CPU
		{C00A2FA2-A73D-D71F-3EA9-51444E9C0EB7}.Debug|x86.ActiveCfg = Debug|Any CPU
		{C00A2FA2-A73D-D71F-3EA9-51444E9C0EB7}.Debug|x86.Build.0 = Debug|Any CPU
		{C00A2FA2-A73D-D71F-3EA9-51444E9C0EB7}.Release|Any CPU.ActiveCfg = Release|Any CPU
		{C00A2FA2-A73D-D71F-3EA9-51444E9C0EB7}.Release|Any CPU.Build.0 = Release|Any CPU
		{C00A2FA2-A73D-D71F-3EA9-51444E9C0EB7}.Release|ARM.ActiveCfg = Release|Any CPU
		{C00A2FA2-A73D-D71F-3EA9-51444E9C0EB7}.Release|ARM.Build.0 = Release|Any CPU
		{C00A2FA2-A73D-D71F-3EA9-51444E9C0EB7}.Release|ARM64.ActiveCfg = Release|Any CPU
		{C00A2FA2-A73D-D71F-3EA9-51444E9C0EB7}.Release|ARM64.Build.0 = Release|Any CPU
		{C00A2FA2-A73D-D71F-3EA9-51444E9C0EB7}.Release|x64.ActiveCfg = Release|Any CPU
		{C00A2FA2-A73D-D71F-3EA9-51444E9C0EB7}.Release|x64.Build.0 = Release|Any CPU
		{C00A2FA2-A73D-D71F-3EA9-51444E9C0EB7}.Release|x86.ActiveCfg = Release|Any CPU
		{C00A2FA2-A73D-D71F-3EA9-51444E9C0EB7}.Release|x86.Build.0 = Release|Any CPU
	EndGlobalSection
	GlobalSection(SolutionProperties) = preSolution
		HideSolutionNode = FALSE
	EndGlobalSection
	GlobalSection(ExtensibilityGlobals) = postSolution
		SolutionGuid = {739BB9DA-CFAE-4DA5-AA35-C221F88D433D}
	EndGlobalSection
EndGlobal
