
Microsoft Visual Studio Solution File, Format Version 12.00
# Visual Studio Version 17
VisualStudioVersion = 17.12.35707.178
MinimumVisualStudioVersion = 10.0.40219.1
Project("{FAE04EC0-301F-11D3-BF4B-00C04F79EFBC}") = "GnuConvert", "GnuConvert.csproj", "{2CBB88D1-87A5-4743-A54C-A5A44D329F7E}"
EndProject
Project("{2150E333-8FDC-42A3-9474-1A3956D46DE8}") = "Solution Items", "Solution Items", "{8EC462FD-D22E-90A8-E5CE-7E832BA40C5D}"
EndProject
Global
	GlobalSection(SolutionConfigurationPlatforms) = preSolution
		Debug|Any CPU = Debug|Any CPU
		Release|Any CPU = Release|Any CPU
	EndGlobalSection
	GlobalSection(ProjectConfigurationPlatforms) = postSolution
		{2CBB88D1-87A5-4743-A54C-A5A44D329F7E}.Debug|Any CPU.ActiveCfg = Debug|Any CPU
		{2CBB88D1-87A5-4743-A54C-A5A44D329F7E}.Debug|Any CPU.Build.0 = Debug|Any CPU
		{2CBB88D1-87A5-4743-A54C-A5A44D329F7E}.Release|Any CPU.ActiveCfg = Release|Any CPU
		{2CBB88D1-87A5-4743-A54C-A5A44D329F7E}.Release|Any CPU.Build.0 = Release|Any CPU
	EndGlobalSection
	GlobalSection(SolutionProperties) = preSolution
		HideSolutionNode = FALSE
	EndGlobalSection
	GlobalSection(ExtensibilityGlobals) = postSolution
		SolutionGuid = {739BB9DA-CFAE-4DA5-AA35-C221F88D433D}
	EndGlobalSection
EndGlobal
